// !$*UTF8*$!
{
	archiveVersion = 1;
	classes = {
	};
	objectVersion = 77;
	objects = {

/* Begin PBXContainerItemProxy section */
		3D69A2592E37C93D00F79E9A /* PBXContainerItemProxy */ = {
			isa = PBXContainerItemProxy;
			containerPortal = 3D69A2432E37C93C00F79E9A /* Project object */;
			proxyType = 1;
			remoteGlobalIDString = 3D69A24A2E37C93C00F79E9A;
			remoteInfo = ShapesApp;
		};
		3D69A2632E37C93D00F79E9A /* PBXContainerItemProxy */ = {
			isa = PBXContainerItemProxy;
			containerPortal = 3D69A2432E37C93C00F79E9A /* Project object */;
			proxyType = 1;
			remoteGlobalIDString = 3D69A24A2E37C93C00F79E9A;
			remoteInfo = ShapesApp;
		};
/* End PBXContainerItemProxy section */

/* Begin PBXFileReference section */
		3D69A24B2E37C93C00F79E9A /* ShapesApp.app */ = {isa = PBXFileReference; explicitFileType = wrapper.application; includeInIndex = 0; path = ShapesApp.app; sourceTree = BUILT_PRODUCTS_DIR; };
		3D69A2582E37C93D00F79E9A /* ShapesAppTests.xctest */ = {isa = PBXFileReference; explicitFileType = wrapper.cfbundle; includeInIndex = 0; path = ShapesAppTests.xctest; sourceTree = BUILT_PRODUCTS_DIR; };
		3D69A2622E37C93D00F79E9A /* ShapesAppUITests.xctest */ = {isa = PBXFileReference; explicitFileType = wrapper.cfbundle; includeInIndex = 0; path = ShapesAppUITests.xctest; sourceTree = BUILT_PRODUCTS_DIR; };
/* End PBXFileReference section */

/* Begin PBXFileSystemSynchronizedBuildFileExceptionSet section */
		3D69A2A82E37CE7000F79E9A /* Exceptions for "ShapesApp" folder in "ShapesApp" target */ = {
			isa = PBXFileSystemSynchronizedBuildFileExceptionSet;
			membershipExceptions = (
				Info.plist,
			);
			target = 3D69A24A2E37C93C00F79E9A /* ShapesApp */;
		};
/* End PBXFileSystemSynchronizedBuildFileExceptionSet section */

/* Begin PBXFileSystemSynchronizedRootGroup section */
		3D69A24D2E37C93C00F79E9A /* ShapesApp */ = {
			isa = PBXFileSystemSynchronizedRootGroup;
			exceptions = (
				3D69A2A82E37CE7000F79E9A /* Exceptions for "ShapesApp" folder in "ShapesApp" target */,
			);
			path = ShapesApp;
			sourceTree = "<group>";
		};
		3D69A25B2E37C93D00F79E9A /* ShapesAppTests */ = {
			isa = PBXFileSystemSynchronizedRootGroup;
			path = ShapesAppTests;
			sourceTree = "<group>";
		};
		3D69A2652E37C93D00F79E9A /* ShapesAppUITests */ = {
			isa = PBXFileSystemSynchronizedRootGroup;
			path = ShapesAppUITests;
			sourceTree = "<group>";
		};
/* End PBXFileSystemSynchronizedRootGroup section */

/* Begin PBXFrameworksBuildPhase section */
		3D69A2482E37C93C00F79E9A /* Frameworks */ = {
			isa = PBXFrameworksBuildPhase;
			buildActionMask = 2147483647;
			files = (
			);
			runOnlyForDeploymentPostprocessing = 0;
		};
		3D69A2552E37C93D00F79E9A /* Frameworks */ = {
			isa = PBXFrameworksBuildPhase;
			buildActionMask = 2147483647;
			files = (
			);
			runOnlyForDeploymentPostprocessing = 0;
		};
		3D69A25F2E37C93D00F79E9A /* Frameworks */ = {
			isa = PBXFrameworksBuildPhase;
			buildActionMask = 2147483647;
			files = (
			);
			runOnlyForDeploymentPostprocessing = 0;
		};
/* End PBXFrameworksBuildPhase section */

/* Begin PBXGroup section */
		3D69A2422E37C93C00F79E9A = {
			isa = PBXGroup;
			children = (
				3D69A24D2E37C93C00F79E9A /* ShapesApp */,
				3D69A25B2E37C93D00F79E9A /* ShapesAppTests */,
				3D69A2652E37C93D00F79E9A /* ShapesAppUITests */,
				3D69A24C2E37C93C00F79E9A /* Products */,
			);
			sourceTree = "<group>";
		};
		3D69A24C2E37C93C00F79E9A /* Products */ = {
			isa = PBXGroup;
			children = (
				3D69A24B2E37C93C00F79E9A /* ShapesApp.app */,
				3D69A2582E37C93D00F79E9A /* ShapesAppTests.xctest */,
				3D69A2622E37C93D00F79E9A /* ShapesAppUITests.xctest */,
			);
			name = Products;
			sourceTree = "<group>";
		};
/* End PBXGroup section */

/* Begin PBXNativeTarget section */
		3D69A24A2E37C93C00F79E9A /* ShapesApp */ = {
			isa = PBXNativeTarget;
			buildConfigurationList = 3D69A26C2E37C93D00F79E9A /* Build configuration list for PBXNativeTarget "ShapesApp" */;
			buildPhases = (
				3D69A2472E37C93C00F79E9A /* Sources */,
				3D69A2482E37C93C00F79E9A /* Frameworks */,
				3D69A2492E37C93C00F79E9A /* Resources */,
			);
			buildRules = (
			);
			dependencies = (
			);
			fileSystemSynchronizedGroups = (
				3D69A24D2E37C93C00F79E9A /* ShapesApp */,
			);
			name = ShapesApp;
			packageProductDependencies = (
			);
			productName = ShapesApp;
			productReference = 3D69A24B2E37C93C00F79E9A /* ShapesApp.app */;
			productType = "com.apple.product-type.application";
		};
		3D69A2572E37C93D00F79E9A /* ShapesAppTests */ = {
			isa = PBXNativeTarget;
			buildConfigurationList = 3D69A26F2E37C93D00F79E9A /* Build configuration list for PBXNativeTarget "ShapesAppTests" */;
			buildPhases = (
				3D69A2542E37C93D00F79E9A /* Sources */,
				3D69A2552E37C93D00F79E9A /* Frameworks */,
				3D69A2562E37C93D00F79E9A /* Resources */,
			);
			buildRules = (
			);
			dependencies = (
				3D69A25A2E37C93D00F79E9A /* PBXTargetDependency */,
			);
			fileSystemSynchronizedGroups = (
				3D69A25B2E37C93D00F79E9A /* ShapesAppTests */,
			);
			name = ShapesAppTests;
			packageProductDependencies = (
			);
			productName = ShapesAppTests;
			productReference = 3D69A2582E37C93D00F79E9A /* ShapesAppTests.xctest */;
			productType = "com.apple.product-type.bundle.unit-test";
		};
		3D69A2612E37C93D00F79E9A /* ShapesAppUITests */ = {
			isa = PBXNativeTarget;
			buildConfigurationList = 3D69A2722E37C93D00F79E9A /* Build configuration list for PBXNativeTarget "ShapesAppUITests" */;
			buildPhases = (
				3D69A25E2E37C93D00F79E9A /* Sources */,
				3D69A25F2E37C93D00F79E9A /* Frameworks */,
				3D69A2602E37C93D00F79E9A /* Resources */,
			);
			buildRules = (
			);
			dependencies = (
				3D69A2642E37C93D00F79E9A /* PBXTargetDependency */,
			);
			fileSystemSynchronizedGroups = (
				3D69A2652E37C93D00F79E9A /* ShapesAppUITests */,
			);
			name = ShapesAppUITests;
			packageProductDependencies = (
			);
			productName = ShapesAppUITests;
			productReference = 3D69A2622E37C93D00F79E9A /* ShapesAppUITests.xctest */;
			productType = "com.apple.product-type.bundle.ui-testing";
		};
/* End PBXNativeTarget section */

/* Begin PBXProject section */
		3D69A2432E37C93C00F79E9A /* Project object */ = {
			isa = PBXProject;
			attributes = {
				BuildIndependentTargetsInParallel = 1;
				LastSwiftUpdateCheck = 1640;
				LastUpgradeCheck = 1640;
				TargetAttributes = {
					3D69A24A2E37C93C00F79E9A = {
						CreatedOnToolsVersion = 16.4;
					};
					3D69A2572E37C93D00F79E9A = {
						CreatedOnToolsVersion = 16.4;
						TestTargetID = 3D69A24A2E37C93C00F79E9A;
					};
					3D69A2612E37C93D00F79E9A = {
						CreatedOnToolsVersion = 16.4;
						TestTargetID = 3D69A24A2E37C93C00F79E9A;
					};
				};
			};
			buildConfigurationList = 3D69A2462E37C93C00F79E9A /* Build configuration list for PBXProject "ShapesApp" */;
			developmentRegion = en;
			hasScannedForEncodings = 0;
			knownRegions = (
				en,
				Base,
			);
			mainGroup = 3D69A2422E37C93C00F79E9A;
			minimizedProjectReferenceProxies = 1;
			preferredProjectObjectVersion = 77;
			productRefGroup = 3D69A24C2E37C93C00F79E9A /* Products */;
			projectDirPath = "";
			projectRoot = "";
			targets = (
				3D69A24A2E37C93C00F79E9A /* ShapesApp */,
				3D69A2572E37C93D00F79E9A /* ShapesAppTests */,
				3D69A2612E37C93D00F79E9A /* ShapesAppUITests */,
			);
		};
/* End PBXProject section */

/* Begin PBXResourcesBuildPhase section */
		3D69A2492E37C93C00F79E9A /* Resources */ = {
			isa = PBXResourcesBuildPhase;
			buildActionMask = 2147483647;
			files = (
			);
			runOnlyForDeploymentPostprocessing = 0;
		};
		3D69A2562E37C93D00F79E9A /* Resources */ = {
			isa = PBXResourcesBuildPhase;
			buildActionMask = 2147483647;
			files = (
			);
			runOnlyForDeploymentPostprocessing = 0;
		};
		3D69A2602E37C93D00F79E9A /* Resources */ = {
			isa = PBXResourcesBuildPhase;
			buildActionMask = 2147483647;
			files = (
			);
			runOnlyForDeploymentPostprocessing = 0;
		};
/* End PBXResourcesBuildPhase section */

/* Begin PBXSourcesBuildPhase section */
		3D69A2472E37C93C00F79E9A /* Sources */ = {
			isa = PBXSourcesBuildPhase;
			buildActionMask = 2147483647;
			files = (
			);
			runOnlyForDeploymentPostprocessing = 0;
		};
		3D69A2542E37C93D00F79E9A /* Sources */ = {
			isa = PBXSourcesBuildPhase;
			buildActionMask = 2147483647;
			files = (
			);
			runOnlyForDeploymentPostprocessing = 0;
		};
		3D69A25E2E37C93D00F79E9A /* Sources */ = {
			isa = PBXSourcesBuildPhase;
			buildActionMask = 2147483647;
			files = (
			);
			runOnlyForDeploymentPostprocessing = 0;
		};
/* End PBXSourcesBuildPhase section */

/* Begin PBXTargetDependency section */
		3D69A25A2E37C93D00F79E9A /* PBXTargetDependency */ = {
			isa = PBXTargetDependency;
			target = 3D69A24A2E37C93C00F79E9A /* ShapesApp */;
			targetProxy = 3D69A2592E37C93D00F79E9A /* PBXContainerItemProxy */;
		};
		3D69A2642E37C93D00F79E9A /* PBXTargetDependency */ = {
			isa = PBXTargetDependency;
			target = 3D69A24A2E37C93C00F79E9A /* ShapesApp */;
			targetProxy = 3D69A2632E37C93D00F79E9A /* PBXContainerItemProxy */;
		};
/* End PBXTargetDependency section */

/* Begin XCBuildConfiguration section */
		3D69A26A2E37C93D00F79E9A /* Debug */ = {
			isa = XCBuildConfiguration;
			buildSettings = {
				ALWAYS_SEARCH_USER_PATHS = NO;
				ASSETCATALOG_COMPILER_GENERATE_SWIFT_ASSET_SYMBOL_EXTENSIONS = YES;
				CLANG_ANALYZER_NONNULL = YES;
				CLANG_ANALYZER_NUMBER_OBJECT_CONVERSION = YES_AGGRESSIVE;
				CLANG_CXX_LANGUAGE_STANDARD = "gnu++20";
				CLANG_ENABLE_MODULES = YES;
				CLANG_ENABLE_OBJC_ARC = YES;
				CLANG_ENABLE_OBJC_WEAK = YES;
				CLANG_WARN_BLOCK_CAPTURE_AUTORELEASING = YES;
				CLANG_WARN_BOOL_CONVERSION = YES;
				CLANG_WARN_COMMA = YES;
				CLANG_WARN_CONSTANT_CONVERSION = YES;
				CLANG_WARN_DEPRECATED_OBJC_IMPLEMENTATIONS = YES;
				CLANG_WARN_DIRECT_OBJC_ISA_USAGE = YES_ERROR;
				CLANG_WARN_DOCUMENTATION_COMMENTS = YES;
				CLANG_WARN_EMPTY_BODY = YES;
				CLANG_WARN_ENUM_CONVERSION = YES;
				CLANG_WARN_INFINITE_RECURSION = YES;
				CLANG_WARN_INT_CONVERSION = YES;
				CLANG_WARN_NON_LITERAL_NULL_CONVERSION = YES;
				CLANG_WARN_OBJC_IMPLICIT_RETAIN_SELF = YES;
				CLANG_WARN_OBJC_LITERAL_CONVERSION = YES;
				CLANG_WARN_OBJC_ROOT_CLASS = YES_ERROR;
				CLANG_WARN_QUOTED_INCLUDE_IN_FRAMEWORK_HEADER = YES;
				CLANG_WARN_RANGE_LOOP_ANALYSIS = YES;
				CLANG_WARN_STRICT_PROTOTYPES = YES;
				CLANG_WARN_SUSPICIOUS_MOVE = YES;
				CLANG_WARN_UNGUARDED_AVAILABILITY = YES_AGGRESSIVE;
				CLANG_WARN_UNREACHABLE_CODE = YES;
				CLANG_WARN__DUPLICATE_METHOD_MATCH = YES;
				COPY_PHASE_STRIP = NO;
				DEBUG_INFORMATION_FORMAT = dwarf;
				DEVELOPMENT_TEAM = A6U3W7DWDB;
				ENABLE_STRICT_OBJC_MSGSEND = YES;
				ENABLE_TESTABILITY = YES;
				ENABLE_USER_SCRIPT_SANDBOXING = YES;
				GCC_C_LANGUAGE_STANDARD = gnu17;
				GCC_DYNAMIC_NO_PIC = NO;
				GCC_NO_COMMON_BLOCKS = YES;
				GCC_OPTIMIZATION_LEVEL = 0;
				GCC_PREPROCESSOR_DEFINITIONS = (
					"DEBUG=1",
					"$(inherited)",
				);
				GCC_WARN_64_TO_32_BIT_CONVERSION = YES;
				GCC_WARN_ABOUT_RETURN_TYPE = YES_ERROR;
				GCC_WARN_UNDECLARED_SELECTOR = YES;
				GCC_WARN_UNINITIALIZED_AUTOS = YES_AGGRESSIVE;
				GCC_WARN_UNUSED_FUNCTION = YES;
				GCC_WARN_UNUSED_VARIABLE = YES;
				IPHONEOS_DEPLOYMENT_TARGET = 18.5;
				LOCALIZATION_PREFERS_STRING_CATALOGS = YES;
				MTL_ENABLE_DEBUG_INFO = INCLUDE_SOURCE;
				MTL_FAST_MATH = YES;
				ONLY_ACTIVE_ARCH = YES;
				SDKROOT = iphoneos;
				SWIFT_ACTIVE_COMPILATION_CONDITIONS = "DEBUG $(inherited)";
				SWIFT_OPTIMIZATION_LEVEL = "-Onone";
			};
			name = Debug;
		};
		3D69A26B2E37C93D00F79E9A /* Release */ = {
			isa = XCBuildConfiguration;
			buildSettings = {
				ALWAYS_SEARCH_USER_PATHS = NO;
				ASSETCATALOG_COMPILER_GENERATE_SWIFT_ASSET_SYMBOL_EXTENSIONS = YES;
				CLANG_ANALYZER_NONNULL = YES;
				CLANG_ANALYZER_NUMBER_OBJECT_CONVERSION = YES_AGGRESSIVE;
				CLANG_CXX_LANGUAGE_STANDARD = "gnu++20";
				CLANG_ENABLE_MODULES = YES;
				CLANG_ENABLE_OBJC_ARC = YES;
				CLANG_ENABLE_OBJC_WEAK = YES;
				CLANG_WARN_BLOCK_CAPTURE_AUTORELEASING = YES;
				CLANG_WARN_BOOL_CONVERSION = YES;
				CLANG_WARN_COMMA = YES;
				CLANG_WARN_CONSTANT_CONVERSION = YES;
				CLANG_WARN_DEPRECATED_OBJC_IMPLEMENTATIONS = YES;
				CLANG_WARN_DIRECT_OBJC_ISA_USAGE = YES_ERROR;
				CLANG_WARN_DOCUMENTATION_COMMENTS = YES;
				CLANG_WARN_EMPTY_BODY = YES;
				CLANG_WARN_ENUM_CONVERSION = YES;
				CLANG_WARN_INFINITE_RECURSION = YES;
				CLANG_WARN_INT_CONVERSION = YES;
				CLANG_WARN_NON_LITERAL_NULL_CONVERSION = YES;
				CLANG_WARN_OBJC_IMPLICIT_RETAIN_SELF = YES;
				CLANG_WARN_OBJC_LITERAL_CONVERSION = YES;
				CLANG_WARN_OBJC_ROOT_CLASS = YES_ERROR;
				CLANG_WARN_QUOTED_INCLUDE_IN_FRAMEWORK_HEADER = YES;
				CLANG_WARN_RANGE_LOOP_ANALYSIS = YES;
				CLANG_WARN_STRICT_PROTOTYPES = YES;
				CLANG_WARN_SUSPICIOUS_MOVE = YES;
				CLANG_WARN_UNGUARDED_AVAILABILITY = YES_AGGRESSIVE;
				CLANG_WARN_UNREACHABLE_CODE = YES;
				CLANG_WARN__DUPLICATE_METHOD_MATCH = YES;
				COPY_PHASE_STRIP = NO;
				DEBUG_INFORMATION_FORMAT = "dwarf-with-dsym";
				DEVELOPMENT_TEAM = A6U3W7DWDB;
				ENABLE_NS_ASSERTIONS = NO;
				ENABLE_STRICT_OBJC_MSGSEND = YES;
				ENABLE_USER_SCRIPT_SANDBOXING = YES;
				GCC_C_LANGUAGE_STANDARD = gnu17;
				GCC_NO_COMMON_BLOCKS = YES;
				GCC_WARN_64_TO_32_BIT_CONVERSION = YES;
				GCC_WARN_ABOUT_RETURN_TYPE = YES_ERROR;
				GCC_WARN_UNDECLARED_SELECTOR = YES;
				GCC_WARN_UNINITIALIZED_AUTOS = YES_AGGRESSIVE;
				GCC_WARN_UNUSED_FUNCTION = YES;
				GCC_WARN_UNUSED_VARIABLE = YES;
				IPHONEOS_DEPLOYMENT_TARGET = 18.5;
				LOCALIZATION_PREFERS_STRING_CATALOGS = YES;
				MTL_ENABLE_DEBUG_INFO = NO;
				MTL_FAST_MATH = YES;
				SDKROOT = iphoneos;
				SWIFT_COMPILATION_MODE = wholemodule;
				VALIDATE_PRODUCT = YES;
			};
			name = Release;
		};
		3D69A26D2E37C93D00F79E9A /* Debug */ = {
			isa = XCBuildConfiguration;
			buildSettings = {
				ASSETCATALOG_COMPILER_APPICON_NAME = AppIcon;
				ASSETCATALOG_COMPILER_GLOBAL_ACCENT_COLOR_NAME = AccentColor;
				CODE_SIGN_STYLE = Automatic;
				CURRENT_PROJECT_VERSION = 1;
				DEVELOPMENT_TEAM = A6U3W7DWDB;
				ENABLE_PREVIEWS = YES;
				GENERATE_INFOPLIST_FILE = YES;
				INFOPLIST_FILE = ShapesApp/Info.plist;
				INFOPLIST_KEY_UIApplicationSceneManifest_Generation = YES;
				INFOPLIST_KEY_UIApplicationSupportsIndirectInputEvents = YES;
				INFOPLIST_KEY_UILaunchScreen_Generation = YES;
				INFOPLIST_KEY_UISupportedInterfaceOrientations_iPad = "UIInterfaceOrientationPortrait UIInterfaceOrientationPortraitUpsideDown UIInterfaceOrientationLandscapeLeft UIInterfaceOrientationLandscapeRight";
				INFOPLIST_KEY_UISupportedInterfaceOrientations_iPhone = "UIInterfaceOrientationPortrait UIInterfaceOrientationLandscapeLeft UIInterfaceOrientationLandscapeRight";
				LD_RUNPATH_SEARCH_PATHS = (
					"$(inherited)",
					"@executable_path/Frameworks",
				);
				MARKETING_VERSION = 1.0.0;
				PRODUCT_BUNDLE_IDENTIFIER = com.cowasoft.ShapesApp;
				PRODUCT_NAME = "$(TARGET_NAME)";
				SWIFT_EMIT_LOC_STRINGS = YES;
				SWIFT_VERSION = 5.0;
				TARGETED_DEVICE_FAMILY = "1,2";
			};
			name = Debug;
		};
		3D69A26E2E37C93D00F79E9A /* Release */ = {
			isa = XCBuildConfiguration;
			buildSettings = {
				ASSETCATALOG_COMPILER_APPICON_NAME = AppIcon;
				ASSETCATALOG_COMPILER_GLOBAL_ACCENT_COLOR_NAME = AccentColor;
				CODE_SIGN_STYLE = Automatic;
				CURRENT_PROJECT_VERSION = 1;
				DEVELOPMENT_TEAM = A6U3W7DWDB;
				ENABLE_PREVIEWS = YES;
				GENERATE_INFOPLIST_FILE = YES;
				INFOPLIST_FILE = ShapesApp/Info.plist;
				INFOPLIST_KEY_UIApplicationSceneManifest_Generation = YES;
				INFOPLIST_KEY_UIApplicationSupportsIndirectInputEvents = YES;
				INFOPLIST_KEY_UILaunchScreen_Generation = YES;
				INFOPLIST_KEY_UISupportedInterfaceOrientations_iPad = "UIInterfaceOrientationPortrait UIInterfaceOrientationPortraitUpsideDown UIInterfaceOrientationLandscapeLeft UIInterfaceOrientationLandscapeRight";
				INFOPLIST_KEY_UISupportedInterfaceOrientations_iPhone = "UIInterfaceOrientationPortrait UIInterfaceOrientationLandscapeLeft UIInterfaceOrientationLandscapeRight";
				LD_RUNPATH_SEARCH_PATHS = (
					"$(inherited)",
					"@executable_path/Frameworks",
				);
				MARKETING_VERSION = 1.0.0;
				PRODUCT_BUNDLE_IDENTIFIER = com.cowasoft.ShapesApp;
				PRODUCT_NAME = "$(TARGET_NAME)";
				SWIFT_EMIT_LOC_STRINGS = YES;
				SWIFT_VERSION = 5.0;
				TARGETED_DEVICE_FAMILY = "1,2";
			};
			name = Release;
		};
		3D69A2702E37C93D00F79E9A /* Debug */ = {
			isa = XCBuildConfiguration;
			buildSettings = {
				BUNDLE_LOADER = "$(TEST_HOST)";
				CODE_SIGN_STYLE = Automatic;
				CURRENT_PROJECT_VERSION = 1;
				DEVELOPMENT_TEAM = A6U3W7DWDB;
				GENERATE_INFOPLIST_FILE = YES;
				IPHONEOS_DEPLOYMENT_TARGET = 18.5;
				MARKETING_VERSION = 1.0;
				PRODUCT_BUNDLE_IDENTIFIER = com.cowasoft.ShapesAppTests;
				PRODUCT_NAME = "$(TARGET_NAME)";
				SWIFT_EMIT_LOC_STRINGS = NO;
				SWIFT_VERSION = 5.0;
				TARGETED_DEVICE_FAMILY = "1,2";
				TEST_HOST = "$(BUILT_PRODUCTS_DIR)/ShapesApp.app/$(BUNDLE_EXECUTABLE_FOLDER_PATH)/ShapesApp";
			};
			name = Debug;
		};
		3D69A2712E37C93D00F79E9A /* Release */ = {
			isa = XCBuildConfiguration;
			buildSettings = {
				BUNDLE_LOADER = "$(TEST_HOST)";
				CODE_SIGN_STYLE = Automatic;
				CURRENT_PROJECT_VERSION = 1;
				DEVELOPMENT_TEAM = A6U3W7DWDB;
				GENERATE_INFOPLIST_FILE = YES;
				IPHONEOS_DEPLOYMENT_TARGET = 18.5;
				MARKETING_VERSION = 1.0;
				PRODUCT_BUNDLE_IDENTIFIER = com.cowasoft.ShapesAppTests;
				PRODUCT_NAME = "$(TARGET_NAME)";
				SWIFT_EMIT_LOC_STRINGS = NO;
				SWIFT_VERSION = 5.0;
				TARGETED_DEVICE_FAMILY = "1,2";
				TEST_HOST = "$(BUILT_PRODUCTS_DIR)/ShapesApp.app/$(BUNDLE_EXECUTABLE_FOLDER_PATH)/ShapesApp";
			};
			name = Release;
		};
		3D69A2732E37C93D00F79E9A /* Debug */ = {
			isa = XCBuildConfiguration;
			buildSettings = {
				CODE_SIGN_STYLE = Automatic;
				CURRENT_PROJECT_VERSION = 1;
				DEVELOPMENT_TEAM = A6U3W7DWDB;
				GENERATE_INFOPLIST_FILE = YES;
				MARKETING_VERSION = 1.0;
				PRODUCT_BUNDLE_IDENTIFIER = com.cowasoft.ShapesAppUITests;
				PRODUCT_NAME = "$(TARGET_NAME)";
				SWIFT_EMIT_LOC_STRINGS = NO;
				SWIFT_VERSION = 5.0;
				TARGETED_DEVICE_FAMILY = "1,2";
				TEST_TARGET_NAME = ShapesApp;
			};
			name = Debug;
		};
		3D69A2742E37C93D00F79E9A /* Release */ = {
			isa = XCBuildConfiguration;
			buildSettings = {
				CODE_SIGN_STYLE = Automatic;
				CURRENT_PROJECT_VERSION = 1;
				DEVELOPMENT_TEAM = A6U3W7DWDB;
				GENERATE_INFOPLIST_FILE = YES;
				MARKETING_VERSION = 1.0;
				PRODUCT_BUNDLE_IDENTIFIER = com.cowasoft.ShapesAppUITests;
				PRODUCT_NAME = "$(TARGET_NAME)";
				SWIFT_EMIT_LOC_STRINGS = NO;
				SWIFT_VERSION = 5.0;
				TARGETED_DEVICE_FAMILY = "1,2";
				TEST_TARGET_NAME = ShapesApp;
			};
			name = Release;
		};
/* End XCBuildConfiguration section */

/* Begin XCConfigurationList section */
		3D69A2462E37C93C00F79E9A /* Build configuration list for PBXProject "ShapesApp" */ = {
			isa = XCConfigurationList;
			buildConfigurations = (
				3D69A26A2E37C93D00F79E9A /* Debug */,
				3D69A26B2E37C93D00F79E9A /* Release */,
			);
			defaultConfigurationIsVisible = 0;
			defaultConfigurationName = Release;
		};
		3D69A26C2E37C93D00F79E9A /* Build configuration list for PBXNativeTarget "ShapesApp" */ = {
			isa = XCConfigurationList;
			buildConfigurations = (
				3D69A26D2E37C93D00F79E9A /* Debug */,
				3D69A26E2E37C93D00F79E9A /* Release */,
			);
			defaultConfigurationIsVisible = 0;
			defaultConfigurationName = Release;
		};
		3D69A26F2E37C93D00F79E9A /* Build configuration list for PBXNativeTarget "ShapesAppTests" */ = {
			isa = XCConfigurationList;
			buildConfigurations = (
				3D69A2702E37C93D00F79E9A /* Debug */,
				3D69A2712E37C93D00F79E9A /* Release */,
			);
			defaultConfigurationIsVisible = 0;
			defaultConfigurationName = Release;
		};
		3D69A2722E37C93D00F79E9A /* Build configuration list for PBXNativeTarget "ShapesAppUITests" */ = {
			isa = XCConfigurationList;
			buildConfigurations = (
				3D69A2732E37C93D00F79E9A /* Debug */,
				3D69A2742E37C93D00F79E9A /* Release */,
			);
			defaultConfigurationIsVisible = 0;
			defaultConfigurationName = Release;
		};
/* End XCConfigurationList section */
	};
	rootObject = 3D69A2432E37C93C00F79E9A /* Project object */;
}
